
Microsoft Visual Studio Solution File, Format Version 12.00
# Visual Studio Version 17
VisualStudioVersion = 17.2.32519.379
MinimumVisualStudioVersion = 10.0.40219.1
Project("{888888A0-9F3D-457C-B088-3A5042F75D52}") = "codewar_49", "codewar_49.pyproj", "{562A2D12-8DAA-413F-AEAF-FDB0786F36C1}"
EndProject
Global
	GlobalSection(SolutionConfigurationPlatforms) = preSolution
		Debug|Any CPU = Debug|Any CPU
		Release|Any CPU = Release|Any CPU
	EndGlobalSection
	GlobalSection(ProjectConfigurationPlatforms) = postSolution
		{562A2D12-8DAA-413F-AEAF-FDB0786F36C1}.Debug|Any CPU.ActiveCfg = Debug|Any CPU
		{562A2D12-8DAA-413F-AEAF-FDB0786F36C1}.Release|Any CPU.ActiveCfg = Release|Any CPU
	EndGlobalSection
	GlobalSection(SolutionProperties) = preSolution
		HideSolutionNode = FALSE
	EndGlobalSection
	GlobalSection(ExtensibilityGlobals) = postSolution
		SolutionGuid = {A9D7D159-8BD7-4817-B412-9E23DF08C11A}
	EndGlobalSection
EndGlobal
